// !$*UTF8*$!
{
	archiveVersion = 1;
	classes = {
	};
	objectVersion = 46;
	objects = {

/* Begin PBXBuildFile section */
		34B481571E4C7B8F0061624C /* AppDelegate.swift in Sources */ = {isa = PBXBuildFile; fileRef = 34B481561E4C7B8F0061624C /* AppDelegate.swift */; };
		34B481591E4C7B8F0061624C /* ViewController.swift in Sources */ = {isa = PBXBuildFile; fileRef = 34B481581E4C7B8F0061624C /* ViewController.swift */; };
		34B4815C1E4C7B8F0061624C /* Main.storyboard in Resources */ = {isa = PBXBuildFile; fileRef = 34B4815A1E4C7B8F0061624C /* Main.storyboard */; };
		34B4815E1E4C7B8F0061624C /* Assets.xcassets in Resources */ = {isa = PBXBuildFile; fileRef = 34B4815D1E4C7B8F0061624C /* Assets.xcassets */; };
		34B481611E4C7B8F0061624C /* LaunchScreen.storyboard in Resources */ = {isa = PBXBuildFile; fileRef = 34B4815F1E4C7B8F0061624C /* LaunchScreen.storyboard */; };
/* End PBXBuildFile section */

/* Begin PBXFileReference section */
		34B481531E4C7B8F0061624C /* Small bug.app */ = {isa = PBXFileReference; explicitFileType = wrapper.application; includeInIndex = 0; path = "Small bug.app"; sourceTree = BUILT_PRODUCTS_DIR; };
		34B481561E4C7B8F0061624C /* AppDelegate.swift */ = {isa = PBXFileReference; lastKnownFileType = sourcecode.swift; path = AppDelegate.swift; sourceTree = "<group>"; };
		34B481581E4C7B8F0061624C /* ViewController.swift */ = {isa = PBXFileReference; lastKnownFileType = sourcecode.swift; path = ViewController.swift; sourceTree = "<group>"; };
		34B4815B1E4C7B8F0061624C /* Base */ = {isa = PBXFileReference; lastKnownFileType = file.storyboard; name = Base; path = Base.lproj/Main.storyboard; sourceTree = "<group>"; };
		34B4815D1E4C7B8F0061624C /* Assets.xcassets */ = {isa = PBXFileReference; lastKnownFileType = folder.assetcatalog; path = Assets.xcassets; sourceTree = "<group>"; };
		34B481601E4C7B8F0061624C /* Base */ = {isa = PBXFileReference; lastKnownFileType = file.storyboard; name = Base; path = Base.lproj/LaunchScreen.storyboard; sourceTree = "<group>"; };
		34B481621E4C7B8F0061624C /* Info.plist */ = {isa = PBXFileReference; lastKnownFileType = text.plist.xml; path = Info.plist; sourceTree = "<group>"; };
/* End PBXFileReference section */

/* Begin PBXFrameworksBuildPhase section */
		34B481501E4C7B8E0061624C /* Frameworks */ = {
			isa = PBXFrameworksBuildPhase;
			buildActionMask = 2147483647;
			files = (
			);
			runOnlyForDeploymentPostprocessing = 0;
		};
/* End PBXFrameworksBuildPhase section */

/* Begin PBXGroup section */
		34B4814A1E4C7B8E0061624C = {
			isa = PBXGroup;
			children = (
				34B481551E4C7B8F0061624C /* Small bug */,
				34B481541E4C7B8F0061624C /* Products */,
			);
			sourceTree = "<group>";
		};
		34B481541E4C7B8F0061624C /* Products */ = {
			isa = PBXGroup;
			children = (
				34B481531E4C7B8F0061624C /* Small bug.app */,
			);
			name = Products;
			sourceTree = "<group>";
		};
		34B481551E4C7B8F0061624C /* Small bug */ = {
			isa = PBXGroup;
			children = (
				34B481561E4C7B8F0061624C /* AppDelegate.swift */,
				34B481581E4C7B8F0061624C /* ViewController.swift */,
				34B4815A1E4C7B8F0061624C /* Main.storyboard */,
				34B4815D1E4C7B8F0061624C /* Assets.xcassets */,
				34B4815F1E4C7B8F0061624C /* LaunchScreen.storyboard */,
				34B481621E4C7B8F0061624C /* Info.plist */,
			);
			path = "Small bug";
			sourceTree = "<group>";
		};
/* End PBXGroup section */

/* Begin PBXNativeTarget section */
		34B481521E4C7B8E0061624C /* Small bug */ = {
			isa = PBXNativeTarget;
			buildConfigurationList = 34B481651E4C7B8F0061624C /* Build configuration list for PBXNativeTarget "Small bug" */;
			buildPhases = (
				34B4814F1E4C7B8E0061624C /* Sources */,
				34B481501E4C7B8E0061624C /* Frameworks */,
				34B481511E4C7B8E0061624C /* Resources */,
			);
			buildRules = (
			);
			dependencies = (
			);
			name = "Small bug";
			productName = "Small bug";
			productReference = 34B481531E4C7B8F0061624C /* Small bug.app */;
			productType = "com.apple.product-type.application";
		};
/* End PBXNativeTarget section */

/* Begin PBXProject section */
		34B4814B1E4C7B8E0061624C /* Project object */ = {
			isa = PBXProject;
			attributes = {
				LastSwiftUpdateCheck = 0820;
				LastUpgradeCheck = 0820;
				ORGANIZATIONNAME = Ellie.Yuan;
				TargetAttributes = {
					34B481521E4C7B8E0061624C = {
						CreatedOnToolsVersion = 8.2.1;
						ProvisioningStyle = Automatic;
					};
				};
			};
			buildConfigurationList = 34B4814E1E4C7B8E0061624C /* Build configuration list for PBXProject "Small bug" */;
			compatibilityVersion = "Xcode 3.2";
			developmentRegion = English;
			hasScannedForEncodings = 0;
			knownRegions = (
				en,
				Base,
			);
			mainGroup = 34B4814A1E4C7B8E0061624C;
			productRefGroup = 34B481541E4C7B8F0061624C /* Products */;
			projectDirPath = "";
			projectRoot = "";
			targets = (
				34B481521E4C7B8E0061624C /* Small bug */,
			);
		};
/* End PBXProject section */

/* Begin PBXResourcesBuildPhase section */
		34B481511E4C7B8E0061624C /* Resources */ = {
			isa = PBXResourcesBuildPhase;
			buildActionMask = 2147483647;
			files = (
				34B481611E4C7B8F0061624C /* LaunchScreen.storyboard in Resources */,
				34B4815E1E4C7B8F0061624C /* Assets.xcassets in Resources */,
				34B4815C1E4C7B8F0061624C /* Main.storyboard in Resources */,
			);
			runOnlyForDeploymentPostprocessing = 0;
		};
/* End PBXResourcesBuildPhase section */

/* Begin PBXSourcesBuildPhase section */
		34B4814F1E4C7B8E0061624C /* Sources */ = {
			isa = PBXSourcesBuildPhase;
			buildActionMask = 2147483647;
			files = (
				34B481591E4C7B8F0061624C /* ViewController.swift in Sources */,
				34B481571E4C7B8F0061624C /* AppDelegate.swift in Sources */,
			);
			runOnlyForDeploymentPostprocessing = 0;
		};
/* End PBXSourcesBuildPhase section */

/* Begin PBXVariantGroup section */
		34B4815A1E4C7B8F0061624C /* Main.storyboard */ = {
			isa = PBXVariantGroup;
			children = (
				34B4815B1E4C7B8F0061624C /* Base */,
			);
			name = Main.storyboard;
			sourceTree = "<group>";
		};
		34B4815F1E4C7B8F0061624C /* LaunchScreen.storyboard */ = {
			isa = PBXVariantGroup;
			children = (
				34B481601E4C7B8F0061624C /* Base */,
			);
			name = LaunchScreen.storyboard;
			sourceTree = "<group>";
		};
/* End PBXVariantGroup section */

/* Begin XCBuildConfiguration section */
		34B481631E4C7B8F0061624C /* Debug */ = {
			isa = XCBuildConfiguration;
			buildSettings = {
				ALWAYS_SEARCH_USER_PATHS = NO;
				CLANG_ANALYZER_NONNULL = YES;
				CLANG_CXX_LANGUAGE_STANDARD = "gnu++0x";
				CLANG_CXX_LIBRARY = "libc++";
				CLANG_ENABLE_MODULES = YES;
				CLANG_ENABLE_OBJC_ARC = YES;
				CLANG_WARN_BOOL_CONVERSION = YES;
				CLANG_WARN_CONSTANT_CONVERSION = YES;
				CLANG_WARN_DIRECT_OBJC_ISA_USAGE = YES_ERROR;
				CLANG_WARN_DOCUMENTATION_COMMENTS = YES;
				CLANG_WARN_EMPTY_BODY = YES;
				CLANG_WARN_ENUM_CONVERSION = YES;
				CLANG_WARN_INFINITE_RECURSION = YES;
				CLANG_WARN_INT_CONVERSION = YES;
				CLANG_WARN_OBJC_ROOT_CLASS = YES_ERROR;
				CLANG_WARN_SUSPICIOUS_MOVE = YES;
				CLANG_WARN_UNREACHABLE_CODE = YES;
				CLANG_WARN__DUPLICATE_METHOD_MATCH = YES;
				"CODE_SIGN_IDENTITY[sdk=iphoneos*]" = "iPhone Developer";
				COPY_PHASE_STRIP = NO;
				DEBUG_INFORMATION_FORMAT = dwarf;
				ENABLE_STRICT_OBJC_MSGSEND = YES;
				ENABLE_TESTABILITY = YES;
				GCC_C_LANGUAGE_STANDARD = gnu99;
				GCC_DYNAMIC_NO_PIC = NO;
				GCC_NO_COMMON_BLOCKS = YES;
				GCC_OPTIMIZATION_LEVEL = 0;
				GCC_PREPROCESSOR_DEFINITIONS = (
					"DEBUG=1",
					"$(inherited)",
				);
				GCC_WARN_64_TO_32_BIT_CONVERSION = YES;
				GCC_WARN_ABOUT_RETURN_TYPE = YES_ERROR;
				GCC_WARN_UNDECLARED_SELECTOR = YES;
				GCC_WARN_UNINITIALIZED_AUTOS = YES_AGGRESSIVE;
				GCC_WARN_UNUSED_FUNCTION = YES;
				GCC_WARN_UNUSED_VARIABLE = YES;
				IPHONEOS_DEPLOYMENT_TARGET = 10.2;
				MTL_ENABLE_DEBUG_INFO = YES;
				ONLY_ACTIVE_ARCH = YES;
				SDKROOT = iphoneos;
				SWIFT_ACTIVE_COMPILATION_CONDITIONS = DEBUG;
				SWIFT_OPTIMIZATION_LEVEL = "-Onone";
				TARGETED_DEVICE_FAMILY = "1,2";
			};
			name = Debug;
		};
		34B481641E4C7B8F0061624C /* Release */ = {
			isa = XCBuildConfiguration;
			buildSettings = {
				ALWAYS_SEARCH_USER_PATHS = NO;
				CLANG_ANALYZER_NONNULL = YES;
				CLANG_CXX_LANGUAGE_STANDARD = "gnu++0x";
				CLANG_CXX_LIBRARY = "libc++";
				CLANG_ENABLE_MODULES = YES;
				CLANG_ENABLE_OBJC_ARC = YES;
				CLANG_WARN_BOOL_CONVERSION = YES;
				CLANG_WARN_CONSTANT_CONVERSION = YES;
				CLANG_WARN_DIRECT_OBJC_ISA_USAGE = YES_ERROR;
				CLANG_WARN_DOCUMENTATION_COMMENTS = YES;
				CLANG_WARN_EMPTY_BODY = YES;
				CLANG_WARN_ENUM_CONVERSION = YES;
				CLANG_WARN_INFINITE_RECURSION = YES;
				CLANG_WARN_INT_CONVERSION = YES;
				CLANG_WARN_OBJC_ROOT_CLASS = YES_ERROR;
				CLANG_WARN_SUSPICIOUS_MOVE = YES;
				CLANG_WARN_UNREACHABLE_CODE = YES;
				CLANG_WARN__DUPLICATE_METHOD_MATCH = YES;
				"CODE_SIGN_IDENTITY[sdk=iphoneos*]" = "iPhone Developer";
				COPY_PHASE_STRIP = NO;
				DEBUG_INFORMATION_FORMAT = "dwarf-with-dsym";
				ENABLE_NS_ASSERTIONS = NO;
				ENABLE_STRICT_OBJC_MSGSEND = YES;
				GCC_C_LANGUAGE_STANDARD = gnu99;
				GCC_NO_COMMON_BLOCKS = YES;
				GCC_WARN_64_TO_32_BIT_CONVERSION = YES;
				GCC_WARN_ABOUT_RETURN_TYPE = YES_ERROR;
				GCC_WARN_UNDECLARED_SELECTOR = YES;
				GCC_WARN_UNINITIALIZED_AUTOS = YES_AGGRESSIVE;
				GCC_WARN_UNUSED_FUNCTION = YES;
				GCC_WARN_UNUSED_VARIABLE = YES;
				IPHONEOS_DEPLOYMENT_TARGET = 10.2;
				MTL_ENABLE_DEBUG_INFO = NO;
				SDKROOT = iphoneos;
				SWIFT_OPTIMIZATION_LEVEL = "-Owholemodule";
				TARGETED_DEVICE_FAMILY = "1,2";
				VALIDATE_PRODUCT = YES;
			};
			name = Release;
		};
		34B481661E4C7B8F0061624C /* Debug */ = {
			isa = XCBuildConfiguration;
			buildSettings = {
				ASSETCATALOG_COMPILER_APPICON_NAME = AppIcon;
				INFOPLIST_FILE = "Small bug/Info.plist";
				LD_RUNPATH_SEARCH_PATHS = "$(inherited) @executable_path/Frameworks";
				PRODUCT_BUNDLE_IDENTIFIER = "com.coeur.Small-bug";
				PRODUCT_NAME = "$(TARGET_NAME)";
				SWIFT_VERSION = 3.0;
			};
			name = Debug;
		};
		34B481671E4C7B8F0061624C /* Release */ = {
			isa = XCBuildConfiguration;
			buildSettings = {
				ASSETCATALOG_COMPILER_APPICON_NAME = AppIcon;
				INFOPLIST_FILE = "Small bug/Info.plist";
				LD_RUNPATH_SEARCH_PATHS = "$(inherited) @executable_path/Frameworks";
				PRODUCT_BUNDLE_IDENTIFIER = "com.coeur.Small-bug";
				PRODUCT_NAME = "$(TARGET_NAME)";
				SWIFT_VERSION = 3.0;
			};
			name = Release;
		};
/* End XCBuildConfiguration section */

/* Begin XCConfigurationList section */
		34B4814E1E4C7B8E0061624C /* Build configuration list for PBXProject "Small bug" */ = {
			isa = XCConfigurationList;
			buildConfigurations = (
				34B481631E4C7B8F0061624C /* Debug */,
				34B481641E4C7B8F0061624C /* Release */,
			);
			defaultConfigurationIsVisible = 0;
			defaultConfigurationName = Release;
		};
		34B481651E4C7B8F0061624C /* Build configuration list for PBXNativeTarget "Small bug" */ = {
			isa = XCConfigurationList;
			buildConfigurations = (
				34B481661E4C7B8F0061624C /* Debug */,
				34B481671E4C7B8F0061624C /* Release */,
			);
			defaultConfigurationIsVisible = 0;
		};
/* End XCConfigurationList section */
	};
	rootObject = 34B4814B1E4C7B8E0061624C /* Project object */;
}
